
Microsoft Visual Studio Solution File, Format Version 12.00
# Visual Studio Version 17
VisualStudioVersion = 17.14.36414.22
MinimumVisualStudioVersion = 10.0.40219.1
Project("{2150E333-8FDC-42A3-9474-1A3956D46DE8}") = "Services", "Services", "{36D591C7-65C7-A0D1-1CBC-10CDE441BDC8}"
EndProject
Project("{2150E333-8FDC-42A3-9474-1A3956D46DE8}") = "Users", "Users", "{5D4CAF0D-A2C9-4379-B6B0-591F52933032}"
EndProject
Project("{FAE04EC0-301F-11D3-BF4B-00C04F79EFBC}") = "Users.Domain", "Users.Domain\Users.Domain.csproj", "{1A1A1219-A14B-4A76-A266-F395DE815AAD}"
EndProject
Project("{FAE04EC0-301F-11D3-BF4B-00C04F79EFBC}") = "Users.Application", "Users.Application\Users.Application.csproj", "{62FB946C-EC36-4DDF-B2A0-770F65A5E6AD}"
EndProject
Project("{FAE04EC0-301F-11D3-BF4B-00C04F79EFBC}") = "Users.Infrastructure", "Users.Infrastructure\Users.Infrastructure.csproj", "{E98B758E-8C00-4D61-942C-5F80E6474CB3}"
EndProject
Project("{2150E333-8FDC-42A3-9474-1A3956D46DE8}") = "Bookings", "Bookings", "{C326A1B2-3D9C-442B-A374-4992873FADFC}"
EndProject
Project("{2150E333-8FDC-42A3-9474-1A3956D46DE8}") = "Events", "Events", "{57CC8D41-C54B-45D0-8C32-0347F1FC35B6}"
EndProject
Project("{FAE04EC0-301F-11D3-BF4B-00C04F79EFBC}") = "Bookings.Domain", "Bookings.Domain\Bookings.Domain.csproj", "{92540EF6-9BFF-4A01-A4F9-C82DA47F2D3E}"
EndProject
Project("{FAE04EC0-301F-11D3-BF4B-00C04F79EFBC}") = "Bookings.Application", "Bookings.Application\Bookings.Application.csproj", "{FFCE536C-C6E7-4E8F-8A0D-51FC3DA0ED65}"
EndProject
Project("{FAE04EC0-301F-11D3-BF4B-00C04F79EFBC}") = "Bookings.Infrastructure", "Bookings.Infrastructure\Bookings.Infrastructure.csproj", "{7AD6269A-8951-4F64-A1F0-D029084288BF}"
EndProject
Project("{FAE04EC0-301F-11D3-BF4B-00C04F79EFBC}") = "Events.Application", "Events.Application\Events.Application.csproj", "{1A0407AD-DCFC-46A8-9A85-D3FCD33EFAA6}"
EndProject
Project("{FAE04EC0-301F-11D3-BF4B-00C04F79EFBC}") = "Events.Infrastructure", "Events.Infrastructure\Events.Infrastructure.csproj", "{923A804D-F1BD-4C58-9474-31815A21366A}"
EndProject
Project("{FAE04EC0-301F-11D3-BF4B-00C04F79EFBC}") = "Events.Domain", "Events.Domain\Events.Domain.csproj", "{48991625-B0AF-7A6C-25F6-19C21878FC45}"
EndProject
Project("{FAE04EC0-301F-11D3-BF4B-00C04F79EFBC}") = "Events.Presentation", "Events.Presentation\Events.Presentation.csproj", "{A336489F-235E-481E-AEC4-4AF81D7C1D78}"
EndProject
Project("{FAE04EC0-301F-11D3-BF4B-00C04F79EFBC}") = "Bookings.Presentation", "Bookings.Presentation\Bookings.Presentation.csproj", "{7D56DE6D-5BE8-4294-B061-5831558BC97B}"
EndProject
Project("{FAE04EC0-301F-11D3-BF4B-00C04F79EFBC}") = "Users.Presentation", "Users.Presentation\Users.Presentation.csproj", "{B284400D-D707-46F4-BA77-17851B874516}"
EndProject
Project("{2150E333-8FDC-42A3-9474-1A3956D46DE8}") = "Shared", "Shared", "{EE922075-E3A4-4F9F-BD9D-4A1F17C68B01}"
EndProject
Project("{FAE04EC0-301F-11D3-BF4B-00C04F79EFBC}") = "Shared.Contracts", "Shared.Contracts\Shared.Contracts.csproj", "{87E914EE-11E7-4A4F-B935-14363BB7296F}"
EndProject
Project("{2150E333-8FDC-42A3-9474-1A3956D46DE8}") = "Элементы решения", "Элементы решения", "{754FC069-D67B-A9D7-50A1-8D1CA196D8F1}"
	ProjectSection(SolutionItems) = preProject
		docker-compose.yml = docker-compose.yml
	EndProjectSection
EndProject
Global
	GlobalSection(SolutionConfigurationPlatforms) = preSolution
		Debug|Any CPU = Debug|Any CPU
		Release|Any CPU = Release|Any CPU
	EndGlobalSection
	GlobalSection(ProjectConfigurationPlatforms) = postSolution
		{1A1A1219-A14B-4A76-A266-F395DE815AAD}.Debug|Any CPU.ActiveCfg = Debug|Any CPU
		{1A1A1219-A14B-4A76-A266-F395DE815AAD}.Debug|Any CPU.Build.0 = Debug|Any CPU
		{1A1A1219-A14B-4A76-A266-F395DE815AAD}.Release|Any CPU.ActiveCfg = Release|Any CPU
		{1A1A1219-A14B-4A76-A266-F395DE815AAD}.Release|Any CPU.Build.0 = Release|Any CPU
		{62FB946C-EC36-4DDF-B2A0-770F65A5E6AD}.Debug|Any CPU.ActiveCfg = Debug|Any CPU
		{62FB946C-EC36-4DDF-B2A0-770F65A5E6AD}.Debug|Any CPU.Build.0 = Debug|Any CPU
		{62FB946C-EC36-4DDF-B2A0-770F65A5E6AD}.Release|Any CPU.ActiveCfg = Release|Any CPU
		{62FB946C-EC36-4DDF-B2A0-770F65A5E6AD}.Release|Any CPU.Build.0 = Release|Any CPU
		{E98B758E-8C00-4D61-942C-5F80E6474CB3}.Debug|Any CPU.ActiveCfg = Debug|Any CPU
		{E98B758E-8C00-4D61-942C-5F80E6474CB3}.Debug|Any CPU.Build.0 = Debug|Any CPU
		{E98B758E-8C00-4D61-942C-5F80E6474CB3}.Release|Any CPU.ActiveCfg = Release|Any CPU
		{E98B758E-8C00-4D61-942C-5F80E6474CB3}.Release|Any CPU.Build.0 = Release|Any CPU
		{92540EF6-9BFF-4A01-A4F9-C82DA47F2D3E}.Debug|Any CPU.ActiveCfg = Debug|Any CPU
		{92540EF6-9BFF-4A01-A4F9-C82DA47F2D3E}.Debug|Any CPU.Build.0 = Debug|Any CPU
		{92540EF6-9BFF-4A01-A4F9-C82DA47F2D3E}.Release|Any CPU.ActiveCfg = Release|Any CPU
		{92540EF6-9BFF-4A01-A4F9-C82DA47F2D3E}.Release|Any CPU.Build.0 = Release|Any CPU
		{FFCE536C-C6E7-4E8F-8A0D-51FC3DA0ED65}.Debug|Any CPU.ActiveCfg = Debug|Any CPU
		{FFCE536C-C6E7-4E8F-8A0D-51FC3DA0ED65}.Debug|Any CPU.Build.0 = Debug|Any CPU
		{FFCE536C-C6E7-4E8F-8A0D-51FC3DA0ED65}.Release|Any CPU.ActiveCfg = Release|Any CPU
		{FFCE536C-C6E7-4E8F-8A0D-51FC3DA0ED65}.Release|Any CPU.Build.0 = Release|Any CPU
		{7AD6269A-8951-4F64-A1F0-D029084288BF}.Debug|Any CPU.ActiveCfg = Debug|Any CPU
		{7AD6269A-8951-4F64-A1F0-D029084288BF}.Debug|Any CPU.Build.0 = Debug|Any CPU
		{7AD6269A-8951-4F64-A1F0-D029084288BF}.Release|Any CPU.ActiveCfg = Release|Any CPU
		{7AD6269A-8951-4F64-A1F0-D029084288BF}.Release|Any CPU.Build.0 = Release|Any CPU
		{1A0407AD-DCFC-46A8-9A85-D3FCD33EFAA6}.Debug|Any CPU.ActiveCfg = Debug|Any CPU
		{1A0407AD-DCFC-46A8-9A85-D3FCD33EFAA6}.Debug|Any CPU.Build.0 = Debug|Any CPU
		{1A0407AD-DCFC-46A8-9A85-D3FCD33EFAA6}.Release|Any CPU.ActiveCfg = Release|Any CPU
		{1A0407AD-DCFC-46A8-9A85-D3FCD33EFAA6}.Release|Any CPU.Build.0 = Release|Any CPU
		{923A804D-F1BD-4C58-9474-31815A21366A}.Debug|Any CPU.ActiveCfg = Debug|Any CPU
		{923A804D-F1BD-4C58-9474-31815A21366A}.Debug|Any CPU.Build.0 = Debug|Any CPU
		{923A804D-F1BD-4C58-9474-31815A21366A}.Release|Any CPU.ActiveCfg = Release|Any CPU
		{923A804D-F1BD-4C58-9474-31815A21366A}.Release|Any CPU.Build.0 = Release|Any CPU
		{48991625-B0AF-7A6C-25F6-19C21878FC45}.Debug|Any CPU.ActiveCfg = Debug|Any CPU
		{48991625-B0AF-7A6C-25F6-19C21878FC45}.Debug|Any CPU.Build.0 = Debug|Any CPU
		{48991625-B0AF-7A6C-25F6-19C21878FC45}.Release|Any CPU.ActiveCfg = Release|Any CPU
		{48991625-B0AF-7A6C-25F6-19C21878FC45}.Release|Any CPU.Build.0 = Release|Any CPU
		{A336489F-235E-481E-AEC4-4AF81D7C1D78}.Debug|Any CPU.ActiveCfg = Debug|Any CPU
		{A336489F-235E-481E-AEC4-4AF81D7C1D78}.Debug|Any CPU.Build.0 = Debug|Any CPU
		{A336489F-235E-481E-AEC4-4AF81D7C1D78}.Release|Any CPU.ActiveCfg = Release|Any CPU
		{A336489F-235E-481E-AEC4-4AF81D7C1D78}.Release|Any CPU.Build.0 = Release|Any CPU
		{7D56DE6D-5BE8-4294-B061-5831558BC97B}.Debug|Any CPU.ActiveCfg = Debug|Any CPU
		{7D56DE6D-5BE8-4294-B061-5831558BC97B}.Debug|Any CPU.Build.0 = Debug|Any CPU
		{7D56DE6D-5BE8-4294-B061-5831558BC97B}.Release|Any CPU.ActiveCfg = Release|Any CPU
		{7D56DE6D-5BE8-4294-B061-5831558BC97B}.Release|Any CPU.Build.0 = Release|Any CPU
		{B284400D-D707-46F4-BA77-17851B874516}.Debug|Any CPU.ActiveCfg = Debug|Any CPU
		{B284400D-D707-46F4-BA77-17851B874516}.Debug|Any CPU.Build.0 = Debug|Any CPU
		{B284400D-D707-46F4-BA77-17851B874516}.Release|Any CPU.ActiveCfg = Release|Any CPU
		{B284400D-D707-46F4-BA77-17851B874516}.Release|Any CPU.Build.0 = Release|Any CPU
		{87E914EE-11E7-4A4F-B935-14363BB7296F}.Debug|Any CPU.ActiveCfg = Debug|Any CPU
		{87E914EE-11E7-4A4F-B935-14363BB7296F}.Debug|Any CPU.Build.0 = Debug|Any CPU
		{87E914EE-11E7-4A4F-B935-14363BB7296F}.Release|Any CPU.ActiveCfg = Release|Any CPU
		{87E914EE-11E7-4A4F-B935-14363BB7296F}.Release|Any CPU.Build.0 = Release|Any CPU
	EndGlobalSection
	GlobalSection(SolutionProperties) = preSolution
		HideSolutionNode = FALSE
	EndGlobalSection
	GlobalSection(NestedProjects) = preSolution
		{5D4CAF0D-A2C9-4379-B6B0-591F52933032} = {36D591C7-65C7-A0D1-1CBC-10CDE441BDC8}
		{1A1A1219-A14B-4A76-A266-F395DE815AAD} = {5D4CAF0D-A2C9-4379-B6B0-591F52933032}
		{62FB946C-EC36-4DDF-B2A0-770F65A5E6AD} = {5D4CAF0D-A2C9-4379-B6B0-591F52933032}
		{E98B758E-8C00-4D61-942C-5F80E6474CB3} = {5D4CAF0D-A2C9-4379-B6B0-591F52933032}
		{C326A1B2-3D9C-442B-A374-4992873FADFC} = {36D591C7-65C7-A0D1-1CBC-10CDE441BDC8}
		{57CC8D41-C54B-45D0-8C32-0347F1FC35B6} = {36D591C7-65C7-A0D1-1CBC-10CDE441BDC8}
		{92540EF6-9BFF-4A01-A4F9-C82DA47F2D3E} = {C326A1B2-3D9C-442B-A374-4992873FADFC}
		{FFCE536C-C6E7-4E8F-8A0D-51FC3DA0ED65} = {C326A1B2-3D9C-442B-A374-4992873FADFC}
		{7AD6269A-8951-4F64-A1F0-D029084288BF} = {C326A1B2-3D9C-442B-A374-4992873FADFC}
		{1A0407AD-DCFC-46A8-9A85-D3FCD33EFAA6} = {57CC8D41-C54B-45D0-8C32-0347F1FC35B6}
		{923A804D-F1BD-4C58-9474-31815A21366A} = {57CC8D41-C54B-45D0-8C32-0347F1FC35B6}
		{48991625-B0AF-7A6C-25F6-19C21878FC45} = {57CC8D41-C54B-45D0-8C32-0347F1FC35B6}
		{A336489F-235E-481E-AEC4-4AF81D7C1D78} = {57CC8D41-C54B-45D0-8C32-0347F1FC35B6}
		{7D56DE6D-5BE8-4294-B061-5831558BC97B} = {C326A1B2-3D9C-442B-A374-4992873FADFC}
		{B284400D-D707-46F4-BA77-17851B874516} = {5D4CAF0D-A2C9-4379-B6B0-591F52933032}
		{87E914EE-11E7-4A4F-B935-14363BB7296F} = {EE922075-E3A4-4F9F-BD9D-4A1F17C68B01}
	EndGlobalSection
	GlobalSection(ExtensibilityGlobals) = postSolution
		SolutionGuid = {037684DA-3CF2-4460-A05F-EDB4C4D1CCD1}
	EndGlobalSection
EndGlobal
